PODS:
  - Flutter (1.0.0)
  - flutter_authgear (0.1.0):
    - Flutter

DEPENDENCIES:
  - Flutter (from `Flutter`)
  - flutter_authgear (from `.symlinks/plugins/flutter_authgear/ios`)

EXTERNAL SOURCES:
  Flutter:
    :path: Flutter
  flutter_authgear:
    :path: ".symlinks/plugins/flutter_authgear/ios"

SPEC CHECKSUMS:
  Flutter: f04841e97a9d0b0a8025694d0796dd46242b2854
  flutter_authgear: c50fc59b92c35dbc8bbd51b15413ce050f374892

PODFILE CHECKSUM: 70d9d25280d0dd177a5f637cdb0f0b0b12c6a189

COCOAPODS: 1.12.0
